
Microsoft Visual Studio Solution File, Format Version 12.00
# Visual Studio Version 17
VisualStudioVersion = 17.14.36908.2
MinimumVisualStudioVersion = 10.0.40219.1
Project("{2150E333-8FDC-42A3-9474-1A3956D46DE8}") = "src", "src", "{02EA681E-C7D8-13C7-8484-4AC65E1B71E8}"
EndProject
Project("{2150E333-8FDC-42A3-9474-1A3956D46DE8}") = "tests", "tests", "{38CEA3A0-D53F-459B-AEB8-E7A97BD51310}"
EndProject
Project("{2150E333-8FDC-42A3-9474-1A3956D46DE8}") = "Modules", "Modules", "{8775FFD9-5E28-420D-9D51-0C8EA29C1C27}"
EndProject
Project("{2150E333-8FDC-42A3-9474-1A3956D46DE8}") = "Users", "Users", "{2154D950-6810-46AA-8D34-29E08FE314C8}"
EndProject
Project("{2150E333-8FDC-42A3-9474-1A3956D46DE8}") = "Shared", "Shared", "{FEFFE5A5-CBED-4A14-BB55-59DD6B9C1B2C}"
EndProject
Project("{FAE04EC0-301F-11D3-BF4B-00C04F79EFBC}") = "TaskFlow.Shared.Kernel", "TaskFlow.Shared.Kernel\TaskFlow.Shared.Kernel.csproj", "{FBCDFCFD-EA83-438F-8C8D-38AB7A8E841C}"
EndProject
Project("{FAE04EC0-301F-11D3-BF4B-00C04F79EFBC}") = "TaskFlow.Users.Domain", "TaskFlow.Users.Domain\TaskFlow.Users.Domain.csproj", "{F808065A-3B8A-48FB-9047-9D7812A6B6E1}"
EndProject
Project("{FAE04EC0-301F-11D3-BF4B-00C04F79EFBC}") = "TaskFlow.Users.Application", "TaskFlow.Users.Application\TaskFlow.Users.Application.csproj", "{E7844EB1-566A-4AE5-8B81-4A4B014FC4D6}"
EndProject
Project("{FAE04EC0-301F-11D3-BF4B-00C04F79EFBC}") = "TaskFlow.Users.Infrastructure", "TaskFlow.Users.Infrastructure\TaskFlow.Users.Infrastructure.csproj", "{3204074B-1547-40AA-8309-D89170B1AEB3}"
EndProject
Project("{FAE04EC0-301F-11D3-BF4B-00C04F79EFBC}") = "TaskFlow.Api", "TaskFlow.Api\TaskFlow.Api.csproj", "{B7F4D705-D5B0-4E21-A691-8077246F1C24}"
EndProject
Project("{2150E333-8FDC-42A3-9474-1A3956D46DE8}") = "Éléments de solution", "Éléments de solution", "{9C8CB701-102D-CF49-A3E0-89AC09D42C2C}"
	ProjectSection(SolutionItems) = preProject
		nuget.config = nuget.config
	EndProjectSection
EndProject
Project("{FAE04EC0-301F-11D3-BF4B-00C04F79EFBC}") = "TaskFlow.Users.Tests", "TaskFlow.Users.Tests\TaskFlow.Users.Tests.csproj", "{C816EF29-4AE0-4E0C-875C-0BBED961163F}"
EndProject
Project("{FAE04EC0-301F-11D3-BF4B-00C04F79EFBC}") = "TaskFlow.Tasks.Domain", "TaskFlow.Tasks.Domain\TaskFlow.Tasks.Domain.csproj", "{7C877E1B-FA99-426C-9BA3-87590FDEE06A}"
EndProject
Project("{FAE04EC0-301F-11D3-BF4B-00C04F79EFBC}") = "TaskFlow.Tasks.Application", "TaskFlow.Tasks.Application\TaskFlow.Tasks.Application.csproj", "{B7E0FF96-721F-47D5-848E-34F9A11A878A}"
EndProject
Project("{FAE04EC0-301F-11D3-BF4B-00C04F79EFBC}") = "TaskFlow.Tasks.Infrastructure", "TaskFlow.Tasks.Infrastructure\TaskFlow.Tasks.Infrastructure.csproj", "{E0335B0C-1975-43DE-92CF-3EB5409EE1B9}"
EndProject
Project("{FAE04EC0-301F-11D3-BF4B-00C04F79EFBC}") = "TaskFlow.Shared.Contracts", "TaskFlow.Shared.Contracts\TaskFlow.Shared.Contracts.csproj", "{232C2630-89D1-4B17-A49F-74E584140921}"
EndProject
Project("{FAE04EC0-301F-11D3-BF4B-00C04F79EFBC}") = "TaskFlow.Client", "TaskFlow.Client\TaskFlow.Client.csproj", "{5620D8ED-A6B2-4DBE-A2EF-4BCF4EEB1F7D}"
EndProject
Project("{FAE04EC0-301F-11D3-BF4B-00C04F79EFBC}") = "TaskFlow.Notifications.Domain", "TaskFlow.Notifications.Domain\TaskFlow.Notifications.Domain.csproj", "{0B6C1911-8E5D-4934-BCB9-66D9B628DDD8}"
EndProject
Project("{FAE04EC0-301F-11D3-BF4B-00C04F79EFBC}") = "TaskFlow.Notifications.Application", "TaskFlow.Notifications.Application\TaskFlow.Notifications.Application.csproj", "{E96F8E47-7303-4B7E-87DB-E7FAB13472BC}"
EndProject
Project("{FAE04EC0-301F-11D3-BF4B-00C04F79EFBC}") = "TaskFlow.Notifications.Infrastructure", "TaskFlow.Notifications.Infrastructure\TaskFlow.Notifications.Infrastructure.csproj", "{CB533DC4-92B3-40A0-B36E-150D24CF02C4}"
EndProject
Project("{FAE04EC0-301F-11D3-BF4B-00C04F79EFBC}") = "TaskFlow.Tasks.Tests", "TaskFlow.Tasks.Tests\TaskFlow.Tasks.Tests.csproj", "{71862EC1-3AFF-4061-A3B7-530F7ADFC613}"
EndProject
Project("{FAE04EC0-301F-11D3-BF4B-00C04F79EFBC}") = "TaskFlow.Notifications.Tests", "TaskFlow.Notifications.Tests\TaskFlow.Notifications.Tests.csproj", "{02CDF620-11BB-4288-B6E1-7D0B182C9E4D}"
EndProject
Global
	GlobalSection(SolutionConfigurationPlatforms) = preSolution
		Debug|Any CPU = Debug|Any CPU
		Debug|x64 = Debug|x64
		Debug|x86 = Debug|x86
		Release|Any CPU = Release|Any CPU
		Release|x64 = Release|x64
		Release|x86 = Release|x86
	EndGlobalSection
	GlobalSection(ProjectConfigurationPlatforms) = postSolution
		{FBCDFCFD-EA83-438F-8C8D-38AB7A8E841C}.Debug|Any CPU.ActiveCfg = Debug|Any CPU
		{FBCDFCFD-EA83-438F-8C8D-38AB7A8E841C}.Debug|Any CPU.Build.0 = Debug|Any CPU
		{FBCDFCFD-EA83-438F-8C8D-38AB7A8E841C}.Debug|x64.ActiveCfg = Debug|Any CPU
		{FBCDFCFD-EA83-438F-8C8D-38AB7A8E841C}.Debug|x64.Build.0 = Debug|Any CPU
		{FBCDFCFD-EA83-438F-8C8D-38AB7A8E841C}.Debug|x86.ActiveCfg = Debug|Any CPU
		{FBCDFCFD-EA83-438F-8C8D-38AB7A8E841C}.Debug|x86.Build.0 = Debug|Any CPU
		{FBCDFCFD-EA83-438F-8C8D-38AB7A8E841C}.Release|Any CPU.ActiveCfg = Release|Any CPU
		{FBCDFCFD-EA83-438F-8C8D-38AB7A8E841C}.Release|Any CPU.Build.0 = Release|Any CPU
		{FBCDFCFD-EA83-438F-8C8D-38AB7A8E841C}.Release|x64.ActiveCfg = Release|Any CPU
		{FBCDFCFD-EA83-438F-8C8D-38AB7A8E841C}.Release|x64.Build.0 = Release|Any CPU
		{FBCDFCFD-EA83-438F-8C8D-38AB7A8E841C}.Release|x86.ActiveCfg = Release|Any CPU
		{FBCDFCFD-EA83-438F-8C8D-38AB7A8E841C}.Release|x86.Build.0 = Release|Any CPU
		{F808065A-3B8A-48FB-9047-9D7812A6B6E1}.Debug|Any CPU.ActiveCfg = Debug|Any CPU
		{F808065A-3B8A-48FB-9047-9D7812A6B6E1}.Debug|Any CPU.Build.0 = Debug|Any CPU
		{F808065A-3B8A-48FB-9047-9D7812A6B6E1}.Debug|x64.ActiveCfg = Debug|Any CPU
		{F808065A-3B8A-48FB-9047-9D7812A6B6E1}.Debug|x64.Build.0 = Debug|Any CPU
		{F808065A-3B8A-48FB-9047-9D7812A6B6E1}.Debug|x86.ActiveCfg = Debug|Any CPU
		{F808065A-3B8A-48FB-9047-9D7812A6B6E1}.Debug|x86.Build.0 = Debug|Any CPU
		{F808065A-3B8A-48FB-9047-9D7812A6B6E1}.Release|Any CPU.ActiveCfg = Release|Any CPU
		{F808065A-3B8A-48FB-9047-9D7812A6B6E1}.Release|Any CPU.Build.0 = Release|Any CPU
		{F808065A-3B8A-48FB-9047-9D7812A6B6E1}.Release|x64.ActiveCfg = Release|Any CPU
		{F808065A-3B8A-48FB-9047-9D7812A6B6E1}.Release|x64.Build.0 = Release|Any CPU
		{F808065A-3B8A-48FB-9047-9D7812A6B6E1}.Release|x86.ActiveCfg = Release|Any CPU
		{F808065A-3B8A-48FB-9047-9D7812A6B6E1}.Release|x86.Build.0 = Release|Any CPU
		{E7844EB1-566A-4AE5-8B81-4A4B014FC4D6}.Debug|Any CPU.ActiveCfg = Debug|Any CPU
		{E7844EB1-566A-4AE5-8B81-4A4B014FC4D6}.Debug|Any CPU.Build.0 = Debug|Any CPU
		{E7844EB1-566A-4AE5-8B81-4A4B014FC4D6}.Debug|x64.ActiveCfg = Debug|Any CPU
		{E7844EB1-566A-4AE5-8B81-4A4B014FC4D6}.Debug|x64.Build.0 = Debug|Any CPU
		{E7844EB1-566A-4AE5-8B81-4A4B014FC4D6}.Debug|x86.ActiveCfg = Debug|Any CPU
		{E7844EB1-566A-4AE5-8B81-4A4B014FC4D6}.Debug|x86.Build.0 = Debug|Any CPU
		{E7844EB1-566A-4AE5-8B81-4A4B014FC4D6}.Release|Any CPU.ActiveCfg = Release|Any CPU
		{E7844EB1-566A-4AE5-8B81-4A4B014FC4D6}.Release|Any CPU.Build.0 = Release|Any CPU
		{E7844EB1-566A-4AE5-8B81-4A4B014FC4D6}.Release|x64.ActiveCfg = Release|Any CPU
		{E7844EB1-566A-4AE5-8B81-4A4B014FC4D6}.Release|x64.Build.0 = Release|Any CPU
		{E7844EB1-566A-4AE5-8B81-4A4B014FC4D6}.Release|x86.ActiveCfg = Release|Any CPU
		{E7844EB1-566A-4AE5-8B81-4A4B014FC4D6}.Release|x86.Build.0 = Release|Any CPU
		{3204074B-1547-40AA-8309-D89170B1AEB3}.Debug|Any CPU.ActiveCfg = Debug|Any CPU
		{3204074B-1547-40AA-8309-D89170B1AEB3}.Debug|Any CPU.Build.0 = Debug|Any CPU
		{3204074B-1547-40AA-8309-D89170B1AEB3}.Debug|x64.ActiveCfg = Debug|Any CPU
		{3204074B-1547-40AA-8309-D89170B1AEB3}.Debug|x64.Build.0 = Debug|Any CPU
		{3204074B-1547-40AA-8309-D89170B1AEB3}.Debug|x86.ActiveCfg = Debug|Any CPU
		{3204074B-1547-40AA-8309-D89170B1AEB3}.Debug|x86.Build.0 = Debug|Any CPU
		{3204074B-1547-40AA-8309-D89170B1AEB3}.Release|Any CPU.ActiveCfg = Release|Any CPU
		{3204074B-1547-40AA-8309-D89170B1AEB3}.Release|Any CPU.Build.0 = Release|Any CPU
		{3204074B-1547-40AA-8309-D89170B1AEB3}.Release|x64.ActiveCfg = Release|Any CPU
		{3204074B-1547-40AA-8309-D89170B1AEB3}.Release|x64.Build.0 = Release|Any CPU
		{3204074B-1547-40AA-8309-D89170B1AEB3}.Release|x86.ActiveCfg = Release|Any CPU
		{3204074B-1547-40AA-8309-D89170B1AEB3}.Release|x86.Build.0 = Release|Any CPU
		{B7F4D705-D5B0-4E21-A691-8077246F1C24}.Debug|Any CPU.ActiveCfg = Debug|Any CPU
		{B7F4D705-D5B0-4E21-A691-8077246F1C24}.Debug|Any CPU.Build.0 = Debug|Any CPU
		{B7F4D705-D5B0-4E21-A691-8077246F1C24}.Debug|x64.ActiveCfg = Debug|Any CPU
		{B7F4D705-D5B0-4E21-A691-8077246F1C24}.Debug|x64.Build.0 = Debug|Any CPU
		{B7F4D705-D5B0-4E21-A691-8077246F1C24}.Debug|x86.ActiveCfg = Debug|Any CPU
		{B7F4D705-D5B0-4E21-A691-8077246F1C24}.Debug|x86.Build.0 = Debug|Any CPU
		{B7F4D705-D5B0-4E21-A691-8077246F1C24}.Release|Any CPU.ActiveCfg = Release|Any CPU
		{B7F4D705-D5B0-4E21-A691-8077246F1C24}.Release|Any CPU.Build.0 = Release|Any CPU
		{B7F4D705-D5B0-4E21-A691-8077246F1C24}.Release|x64.ActiveCfg = Release|Any CPU
		{B7F4D705-D5B0-4E21-A691-8077246F1C24}.Release|x64.Build.0 = Release|Any CPU
		{B7F4D705-D5B0-4E21-A691-8077246F1C24}.Release|x86.ActiveCfg = Release|Any CPU
		{B7F4D705-D5B0-4E21-A691-8077246F1C24}.Release|x86.Build.0 = Release|Any CPU
		{C816EF29-4AE0-4E0C-875C-0BBED961163F}.Debug|Any CPU.ActiveCfg = Debug|Any CPU
		{C816EF29-4AE0-4E0C-875C-0BBED961163F}.Debug|Any CPU.Build.0 = Debug|Any CPU
		{C816EF29-4AE0-4E0C-875C-0BBED961163F}.Debug|x64.ActiveCfg = Debug|Any CPU
		{C816EF29-4AE0-4E0C-875C-0BBED961163F}.Debug|x64.Build.0 = Debug|Any CPU
		{C816EF29-4AE0-4E0C-875C-0BBED961163F}.Debug|x86.ActiveCfg = Debug|Any CPU
		{C816EF29-4AE0-4E0C-875C-0BBED961163F}.Debug|x86.Build.0 = Debug|Any CPU
		{C816EF29-4AE0-4E0C-875C-0BBED961163F}.Release|Any CPU.ActiveCfg = Release|Any CPU
		{C816EF29-4AE0-4E0C-875C-0BBED961163F}.Release|Any CPU.Build.0 = Release|Any CPU
		{C816EF29-4AE0-4E0C-875C-0BBED961163F}.Release|x64.ActiveCfg = Release|Any CPU
		{C816EF29-4AE0-4E0C-875C-0BBED961163F}.Release|x64.Build.0 = Release|Any CPU
		{C816EF29-4AE0-4E0C-875C-0BBED961163F}.Release|x86.ActiveCfg = Release|Any CPU
		{C816EF29-4AE0-4E0C-875C-0BBED961163F}.Release|x86.Build.0 = Release|Any CPU
		{7C877E1B-FA99-426C-9BA3-87590FDEE06A}.Debug|Any CPU.ActiveCfg = Debug|Any CPU
		{7C877E1B-FA99-426C-9BA3-87590FDEE06A}.Debug|Any CPU.Build.0 = Debug|Any CPU
		{7C877E1B-FA99-426C-9BA3-87590FDEE06A}.Debug|x64.ActiveCfg = Debug|Any CPU
		{7C877E1B-FA99-426C-9BA3-87590FDEE06A}.Debug|x64.Build.0 = Debug|Any CPU
		{7C877E1B-FA99-426C-9BA3-87590FDEE06A}.Debug|x86.ActiveCfg = Debug|Any CPU
		{7C877E1B-FA99-426C-9BA3-87590FDEE06A}.Debug|x86.Build.0 = Debug|Any CPU
		{7C877E1B-FA99-426C-9BA3-87590FDEE06A}.Release|Any CPU.ActiveCfg = Release|Any CPU
		{7C877E1B-FA99-426C-9BA3-87590FDEE06A}.Release|Any CPU.Build.0 = Release|Any CPU
		{7C877E1B-FA99-426C-9BA3-87590FDEE06A}.Release|x64.ActiveCfg = Release|Any CPU
		{7C877E1B-FA99-426C-9BA3-87590FDEE06A}.Release|x64.Build.0 = Release|Any CPU
		{7C877E1B-FA99-426C-9BA3-87590FDEE06A}.Release|x86.ActiveCfg = Release|Any CPU
		{7C877E1B-FA99-426C-9BA3-87590FDEE06A}.Release|x86.Build.0 = Release|Any CPU
		{B7E0FF96-721F-47D5-848E-34F9A11A878A}.Debug|Any CPU.ActiveCfg = Debug|Any CPU
		{B7E0FF96-721F-47D5-848E-34F9A11A878A}.Debug|Any CPU.Build.0 = Debug|Any CPU
		{B7E0FF96-721F-47D5-848E-34F9A11A878A}.Debug|x64.ActiveCfg = Debug|Any CPU
		{B7E0FF96-721F-47D5-848E-34F9A11A878A}.Debug|x64.Build.0 = Debug|Any CPU
		{B7E0FF96-721F-47D5-848E-34F9A11A878A}.Debug|x86.ActiveCfg = Debug|Any CPU
		{B7E0FF96-721F-47D5-848E-34F9A11A878A}.Debug|x86.Build.0 = Debug|Any CPU
		{B7E0FF96-721F-47D5-848E-34F9A11A878A}.Release|Any CPU.ActiveCfg = Release|Any CPU
		{B7E0FF96-721F-47D5-848E-34F9A11A878A}.Release|Any CPU.Build.0 = Release|Any CPU
		{B7E0FF96-721F-47D5-848E-34F9A11A878A}.Release|x64.ActiveCfg = Release|Any CPU
		{B7E0FF96-721F-47D5-848E-34F9A11A878A}.Release|x64.Build.0 = Release|Any CPU
		{B7E0FF96-721F-47D5-848E-34F9A11A878A}.Release|x86.ActiveCfg = Release|Any CPU
		{B7E0FF96-721F-47D5-848E-34F9A11A878A}.Release|x86.Build.0 = Release|Any CPU
		{E0335B0C-1975-43DE-92CF-3EB5409EE1B9}.Debug|Any CPU.ActiveCfg = Debug|Any CPU
		{E0335B0C-1975-43DE-92CF-3EB5409EE1B9}.Debug|Any CPU.Build.0 = Debug|Any CPU
		{E0335B0C-1975-43DE-92CF-3EB5409EE1B9}.Debug|x64.ActiveCfg = Debug|Any CPU
		{E0335B0C-1975-43DE-92CF-3EB5409EE1B9}.Debug|x64.Build.0 = Debug|Any CPU
		{E0335B0C-1975-43DE-92CF-3EB5409EE1B9}.Debug|x86.ActiveCfg = Debug|Any CPU
		{E0335B0C-1975-43DE-92CF-3EB5409EE1B9}.Debug|x86.Build.0 = Debug|Any CPU
		{E0335B0C-1975-43DE-92CF-3EB5409EE1B9}.Release|Any CPU.ActiveCfg = Release|Any CPU
		{E0335B0C-1975-43DE-92CF-3EB5409EE1B9}.Release|Any CPU.Build.0 = Release|Any CPU
		{E0335B0C-1975-43DE-92CF-3EB5409EE1B9}.Release|x64.ActiveCfg = Release|Any CPU
		{E0335B0C-1975-43DE-92CF-3EB5409EE1B9}.Release|x64.Build.0 = Release|Any CPU
		{E0335B0C-1975-43DE-92CF-3EB5409EE1B9}.Release|x86.ActiveCfg = Release|Any CPU
		{E0335B0C-1975-43DE-92CF-3EB5409EE1B9}.Release|x86.Build.0 = Release|Any CPU
		{232C2630-89D1-4B17-A49F-74E584140921}.Debug|Any CPU.ActiveCfg = Debug|Any CPU
		{232C2630-89D1-4B17-A49F-74E584140921}.Debug|Any CPU.Build.0 = Debug|Any CPU
		{232C2630-89D1-4B17-A49F-74E584140921}.Debug|x64.ActiveCfg = Debug|Any CPU
		{232C2630-89D1-4B17-A49F-74E584140921}.Debug|x64.Build.0 = Debug|Any CPU
		{232C2630-89D1-4B17-A49F-74E584140921}.Debug|x86.ActiveCfg = Debug|Any CPU
		{232C2630-89D1-4B17-A49F-74E584140921}.Debug|x86.Build.0 = Debug|Any CPU
		{232C2630-89D1-4B17-A49F-74E584140921}.Release|Any CPU.ActiveCfg = Release|Any CPU
		{232C2630-89D1-4B17-A49F-74E584140921}.Release|Any CPU.Build.0 = Release|Any CPU
		{232C2630-89D1-4B17-A49F-74E584140921}.Release|x64.ActiveCfg = Release|Any CPU
		{232C2630-89D1-4B17-A49F-74E584140921}.Release|x64.Build.0 = Release|Any CPU
		{232C2630-89D1-4B17-A49F-74E584140921}.Release|x86.ActiveCfg = Release|Any CPU
		{232C2630-89D1-4B17-A49F-74E584140921}.Release|x86.Build.0 = Release|Any CPU
		{5620D8ED-A6B2-4DBE-A2EF-4BCF4EEB1F7D}.Debug|Any CPU.ActiveCfg = Debug|Any CPU
		{5620D8ED-A6B2-4DBE-A2EF-4BCF4EEB1F7D}.Debug|Any CPU.Build.0 = Debug|Any CPU
		{5620D8ED-A6B2-4DBE-A2EF-4BCF4EEB1F7D}.Debug|x64.ActiveCfg = Debug|Any CPU
		{5620D8ED-A6B2-4DBE-A2EF-4BCF4EEB1F7D}.Debug|x64.Build.0 = Debug|Any CPU
		{5620D8ED-A6B2-4DBE-A2EF-4BCF4EEB1F7D}.Debug|x86.ActiveCfg = Debug|Any CPU
		{5620D8ED-A6B2-4DBE-A2EF-4BCF4EEB1F7D}.Debug|x86.Build.0 = Debug|Any CPU
		{5620D8ED-A6B2-4DBE-A2EF-4BCF4EEB1F7D}.Release|Any CPU.ActiveCfg = Release|Any CPU
		{5620D8ED-A6B2-4DBE-A2EF-4BCF4EEB1F7D}.Release|Any CPU.Build.0 = Release|Any CPU
		{5620D8ED-A6B2-4DBE-A2EF-4BCF4EEB1F7D}.Release|x64.ActiveCfg = Release|Any CPU
		{5620D8ED-A6B2-4DBE-A2EF-4BCF4EEB1F7D}.Release|x64.Build.0 = Release|Any CPU
		{5620D8ED-A6B2-4DBE-A2EF-4BCF4EEB1F7D}.Release|x86.ActiveCfg = Release|Any CPU
		{5620D8ED-A6B2-4DBE-A2EF-4BCF4EEB1F7D}.Release|x86.Build.0 = Release|Any CPU
		{0B6C1911-8E5D-4934-BCB9-66D9B628DDD8}.Debug|Any CPU.ActiveCfg = Debug|Any CPU
		{0B6C1911-8E5D-4934-BCB9-66D9B628DDD8}.Debug|Any CPU.Build.0 = Debug|Any CPU
		{0B6C1911-8E5D-4934-BCB9-66D9B628DDD8}.Debug|x64.ActiveCfg = Debug|Any CPU
		{0B6C1911-8E5D-4934-BCB9-66D9B628DDD8}.Debug|x64.Build.0 = Debug|Any CPU
		{0B6C1911-8E5D-4934-BCB9-66D9B628DDD8}.Debug|x86.ActiveCfg = Debug|Any CPU
		{0B6C1911-8E5D-4934-BCB9-66D9B628DDD8}.Debug|x86.Build.0 = Debug|Any CPU
		{0B6C1911-8E5D-4934-BCB9-66D9B628DDD8}.Release|Any CPU.ActiveCfg = Release|Any CPU
		{0B6C1911-8E5D-4934-BCB9-66D9B628DDD8}.Release|Any CPU.Build.0 = Release|Any CPU
		{0B6C1911-8E5D-4934-BCB9-66D9B628DDD8}.Release|x64.ActiveCfg = Release|Any CPU
		{0B6C1911-8E5D-4934-BCB9-66D9B628DDD8}.Release|x64.Build.0 = Release|Any CPU
		{0B6C1911-8E5D-4934-BCB9-66D9B628DDD8}.Release|x86.ActiveCfg = Release|Any CPU
		{0B6C1911-8E5D-4934-BCB9-66D9B628DDD8}.Release|x86.Build.0 = Release|Any CPU
		{E96F8E47-7303-4B7E-87DB-E7FAB13472BC}.Debug|Any CPU.ActiveCfg = Debug|Any CPU
		{E96F8E47-7303-4B7E-87DB-E7FAB13472BC}.Debug|Any CPU.Build.0 = Debug|Any CPU
		{E96F8E47-7303-4B7E-87DB-E7FAB13472BC}.Debug|x64.ActiveCfg = Debug|Any CPU
		{E96F8E47-7303-4B7E-87DB-E7FAB13472BC}.Debug|x64.Build.0 = Debug|Any CPU
		{E96F8E47-7303-4B7E-87DB-E7FAB13472BC}.Debug|x86.ActiveCfg = Debug|Any CPU
		{E96F8E47-7303-4B7E-87DB-E7FAB13472BC}.Debug|x86.Build.0 = Debug|Any CPU
		{E96F8E47-7303-4B7E-87DB-E7FAB13472BC}.Release|Any CPU.ActiveCfg = Release|Any CPU
		{E96F8E47-7303-4B7E-87DB-E7FAB13472BC}.Release|Any CPU.Build.0 = Release|Any CPU
		{E96F8E47-7303-4B7E-87DB-E7FAB13472BC}.Release|x64.ActiveCfg = Release|Any CPU
		{E96F8E47-7303-4B7E-87DB-E7FAB13472BC}.Release|x64.Build.0 = Release|Any CPU
		{E96F8E47-7303-4B7E-87DB-E7FAB13472BC}.Release|x86.ActiveCfg = Release|Any CPU
		{E96F8E47-7303-4B7E-87DB-E7FAB13472BC}.Release|x86.Build.0 = Release|Any CPU
		{CB533DC4-92B3-40A0-B36E-150D24CF02C4}.Debug|Any CPU.ActiveCfg = Debug|Any CPU
		{CB533DC4-92B3-40A0-B36E-150D24CF02C4}.Debug|Any CPU.Build.0 = Debug|Any CPU
		{CB533DC4-92B3-40A0-B36E-150D24CF02C4}.Debug|x64.ActiveCfg = Debug|Any CPU
		{CB533DC4-92B3-40A0-B36E-150D24CF02C4}.Debug|x64.Build.0 = Debug|Any CPU
		{CB533DC4-92B3-40A0-B36E-150D24CF02C4}.Debug|x86.ActiveCfg = Debug|Any CPU
		{CB533DC4-92B3-40A0-B36E-150D24CF02C4}.Debug|x86.Build.0 = Debug|Any CPU
		{CB533DC4-92B3-40A0-B36E-150D24CF02C4}.Release|Any CPU.ActiveCfg = Release|Any CPU
		{CB533DC4-92B3-40A0-B36E-150D24CF02C4}.Release|Any CPU.Build.0 = Release|Any CPU
		{CB533DC4-92B3-40A0-B36E-150D24CF02C4}.Release|x64.ActiveCfg = Release|Any CPU
		{CB533DC4-92B3-40A0-B36E-150D24CF02C4}.Release|x64.Build.0 = Release|Any CPU
		{CB533DC4-92B3-40A0-B36E-150D24CF02C4}.Release|x86.ActiveCfg = Release|Any CPU
		{CB533DC4-92B3-40A0-B36E-150D24CF02C4}.Release|x86.Build.0 = Release|Any CPU
		{71862EC1-3AFF-4061-A3B7-530F7ADFC613}.Debug|Any CPU.ActiveCfg = Debug|Any CPU
		{71862EC1-3AFF-4061-A3B7-530F7ADFC613}.Debug|Any CPU.Build.0 = Debug|Any CPU
		{71862EC1-3AFF-4061-A3B7-530F7ADFC613}.Debug|x64.ActiveCfg = Debug|Any CPU
		{71862EC1-3AFF-4061-A3B7-530F7ADFC613}.Debug|x64.Build.0 = Debug|Any CPU
		{71862EC1-3AFF-4061-A3B7-530F7ADFC613}.Debug|x86.ActiveCfg = Debug|Any CPU
		{71862EC1-3AFF-4061-A3B7-530F7ADFC613}.Debug|x86.Build.0 = Debug|Any CPU
		{71862EC1-3AFF-4061-A3B7-530F7ADFC613}.Release|Any CPU.ActiveCfg = Release|Any CPU
		{71862EC1-3AFF-4061-A3B7-530F7ADFC613}.Release|Any CPU.Build.0 = Release|Any CPU
		{71862EC1-3AFF-4061-A3B7-530F7ADFC613}.Release|x64.ActiveCfg = Release|Any CPU
		{71862EC1-3AFF-4061-A3B7-530F7ADFC613}.Release|x64.Build.0 = Release|Any CPU
		{71862EC1-3AFF-4061-A3B7-530F7ADFC613}.Release|x86.ActiveCfg = Release|Any CPU
		{71862EC1-3AFF-4061-A3B7-530F7ADFC613}.Release|x86.Build.0 = Release|Any CPU
		{02CDF620-11BB-4288-B6E1-7D0B182C9E4D}.Debug|Any CPU.ActiveCfg = Debug|Any CPU
		{02CDF620-11BB-4288-B6E1-7D0B182C9E4D}.Debug|Any CPU.Build.0 = Debug|Any CPU
		{02CDF620-11BB-4288-B6E1-7D0B182C9E4D}.Debug|x64.ActiveCfg = Debug|Any CPU
		{02CDF620-11BB-4288-B6E1-7D0B182C9E4D}.Debug|x64.Build.0 = Debug|Any CPU
		{02CDF620-11BB-4288-B6E1-7D0B182C9E4D}.Debug|x86.ActiveCfg = Debug|Any CPU
		{02CDF620-11BB-4288-B6E1-7D0B182C9E4D}.Debug|x86.Build.0 = Debug|Any CPU
		{02CDF620-11BB-4288-B6E1-7D0B182C9E4D}.Release|Any CPU.ActiveCfg = Release|Any CPU
		{02CDF620-11BB-4288-B6E1-7D0B182C9E4D}.Release|Any CPU.Build.0 = Release|Any CPU
		{02CDF620-11BB-4288-B6E1-7D0B182C9E4D}.Release|x64.ActiveCfg = Release|Any CPU
		{02CDF620-11BB-4288-B6E1-7D0B182C9E4D}.Release|x64.Build.0 = Release|Any CPU
		{02CDF620-11BB-4288-B6E1-7D0B182C9E4D}.Release|x86.ActiveCfg = Release|Any CPU
		{02CDF620-11BB-4288-B6E1-7D0B182C9E4D}.Release|x86.Build.0 = Release|Any CPU
	EndGlobalSection
	GlobalSection(SolutionProperties) = preSolution
		HideSolutionNode = FALSE
	EndGlobalSection
	GlobalSection(NestedProjects) = preSolution
		{8775FFD9-5E28-420D-9D51-0C8EA29C1C27} = {02EA681E-C7D8-13C7-8484-4AC65E1B71E8}
		{2154D950-6810-46AA-8D34-29E08FE314C8} = {8775FFD9-5E28-420D-9D51-0C8EA29C1C27}
		{FEFFE5A5-CBED-4A14-BB55-59DD6B9C1B2C} = {02EA681E-C7D8-13C7-8484-4AC65E1B71E8}
		{FBCDFCFD-EA83-438F-8C8D-38AB7A8E841C} = {FEFFE5A5-CBED-4A14-BB55-59DD6B9C1B2C}
		{F808065A-3B8A-48FB-9047-9D7812A6B6E1} = {2154D950-6810-46AA-8D34-29E08FE314C8}
		{E7844EB1-566A-4AE5-8B81-4A4B014FC4D6} = {2154D950-6810-46AA-8D34-29E08FE314C8}
		{3204074B-1547-40AA-8309-D89170B1AEB3} = {2154D950-6810-46AA-8D34-29E08FE314C8}
		{B7F4D705-D5B0-4E21-A691-8077246F1C24} = {02EA681E-C7D8-13C7-8484-4AC65E1B71E8}
		{C816EF29-4AE0-4E0C-875C-0BBED961163F} = {38CEA3A0-D53F-459B-AEB8-E7A97BD51310}
		{71862EC1-3AFF-4061-A3B7-530F7ADFC613} = {38CEA3A0-D53F-459B-AEB8-E7A97BD51310}
		{02CDF620-11BB-4288-B6E1-7D0B182C9E4D} = {38CEA3A0-D53F-459B-AEB8-E7A97BD51310}
	EndGlobalSection
	GlobalSection(ExtensibilityGlobals) = postSolution
		SolutionGuid = {73FA14DB-04CE-4DB5-96AF-2DCDBB0B59D3}
	EndGlobalSection
EndGlobal
